{
  "nodes": {
    "nixpkgs": {
      "locked": {
        "lastModified": 1696270462,
        "narHash": "sha256-u3KYjFFz5rRWHmjW4F30zgqcccZNvRZ/fYpGp7zerl4=",
        "path": "/nix/store/bbi39yk0yj5yrpidnsp0qndq5hw4z4mn-source",
        "rev": "3c4a65f323dd8c6ec34b1c1a63eb968b0ee4fb67",
        "type": "path"
      },
      "original": {
        "id": "nixpkgs",
        "type": "indirect"
      }
    },
    "root": {
      "inputs": {
        "nixpkgs": "nixpkgs"
      }
    }
  },
  "root": "root",
  "version": 7
}
