{
  "nodes": {
    "nixpkgs": {
      "locked": {
        "lastModified": 1673527292,
        "narHash": "sha256-903EpRSDCfUvic7Hsiqwy+h7zlMTLAUbCXkEGGriCfM=",
        "path": "/nix/store/mi6xqy0h44p5ryh4sh8p8v3rwqgar0hb-source",
        "rev": "6a3f9996408c970b99b8b992b11bb249d1455b62",
        "type": "path"
      },
      "original": {
        "id": "nixpkgs",
        "type": "indirect"
      }
    },
    "root": {
      "inputs": {
        "nixpkgs": "nixpkgs"
      }
    }
  },
  "root": "root",
  "version": 7
}
